{
	"name": "aon.js",
	"version": "0.0.0",
	"lockfileVersion": 1,
	"requires": true,
	"dependencies": {
		"ansi-regex": {
			"version": "2.1.1",
			"resolved": "https://registry.npmjs.org/ansi-regex/-/ansi-regex-2.1.1.tgz",
			"integrity": "sha1-w7M6te42DYbg5ijwRorn7yfWVN8=",
			"dev": true
		},
		"ansi-styles": {
			"version": "2.2.1",
			"resolved": "https://registry.npmjs.org/ansi-styles/-/ansi-styles-2.2.1.tgz",
			"integrity": "sha1-tDLdM1i2NM914eRmQ2gkBTPB3b4=",
			"dev": true
		},
		"async": {
			"version": "2.1.4",
			"resolved": "https://registry.npmjs.org/async/-/async-2.1.4.tgz",
			"integrity": "sha1-LSFgx3iAMuTdbL4lAvH5osj2zeQ=",
			"dev": true,
			"requires": {
				"lodash": "4.17.4"
			},
			"dependencies": {
				"lodash": {
					"version": "4.17.4",
					"resolved": "https://registry.npmjs.org/lodash/-/lodash-4.17.4.tgz",
					"integrity": "sha1-eCA6TRwyiuHYbcpkYONptX9AVa4=",
					"dev": true
				}
			}
		},
		"bignumber.js": {
			"version": "4.0.2",
			"resolved": "https://registry.npmjs.org/bignumber.js/-/bignumber.js-4.0.2.tgz",
			"integrity": "sha1-LR3DfuWWiGfs6pC22k0W5oYI0h0="
		},
		"chalk": {
			"version": "1.1.3",
			"resolved": "https://registry.npmjs.org/chalk/-/chalk-1.1.3.tgz",
			"integrity": "sha1-qBFcVeSnAv5NFQq9OHKCKn4J/Jg=",
			"dev": true,
			"requires": {
				"ansi-styles": "2.2.1",
				"escape-string-regexp": "1.0.5",
				"has-ansi": "2.0.0",
				"strip-ansi": "3.0.1",
				"supports-color": "2.0.0"
			}
		},
		"commander": {
			"version": "2.9.0",
			"resolved": "https://registry.npmjs.org/commander/-/commander-2.9.0.tgz",
			"integrity": "sha1-nJkJQXbhIkDLItbFFGCYQA/g99Q=",
			"dev": true,
			"requires": {
				"graceful-readlink": "1.0.1"
			}
		},
		"core-util-is": {
			"version": "1.0.2",
			"resolved": "https://registry.npmjs.org/core-util-is/-/core-util-is-1.0.2.tgz",
			"integrity": "sha1-tf1UIgqivFq1eqtxQMlAdUUDwac="
		},
		"escape-string-regexp": {
			"version": "1.0.5",
			"resolved": "https://registry.npmjs.org/escape-string-regexp/-/escape-string-regexp-1.0.5.tgz",
			"integrity": "sha1-G2HAViGQqN/2rjuyzwIAyhMLhtQ=",
			"dev": true
		},
		"graceful-readlink": {
			"version": "1.0.1",
			"resolved": "https://registry.npmjs.org/graceful-readlink/-/graceful-readlink-1.0.1.tgz",
			"integrity": "sha1-TK+tdrxi8C+gObL5Tpo906ORpyU=",
			"dev": true
		},
		"has-ansi": {
			"version": "2.0.0",
			"resolved": "https://registry.npmjs.org/has-ansi/-/has-ansi-2.0.0.tgz",
			"integrity": "sha1-NPUEnOHs3ysGSa8+8k5F7TVBbZE=",
			"dev": true,
			"requires": {
				"ansi-regex": "2.1.1"
			}
		},
		"inherits": {
			"version": "2.0.3",
			"resolved": "https://registry.npmjs.org/inherits/-/inherits-2.0.3.tgz",
			"integrity": "sha1-Yzwsg+PaQqUC9SRmAiSA9CCCYd4="
		},
		"isarray": {
			"version": "1.0.0",
			"resolved": "https://registry.npmjs.org/isarray/-/isarray-1.0.0.tgz",
			"integrity": "sha1-u5NdSFgsuhaMBoNJV6VKPgcSTxE="
		},
		"lodash": {
			"version": "4.1.0",
			"resolved": "https://registry.npmjs.org/lodash/-/lodash-4.1.0.tgz",
			"integrity": "sha1-KZiUKD3gGp7vvt/0xLmwCmoubpY="
		},
		"mysql": {
			"version": "2.14.1",
			"resolved": "https://registry.npmjs.org/mysql/-/mysql-2.14.1.tgz",
			"integrity": "sha512-ZPXqQeYH7L1QPDyC77Rcp32cNCQnNjz8Y4BbF17tOjm5yhSfjFa3xS4PvuxWJtEEmwVc4ccI7sSntj4eyYRq0A==",
			"requires": {
				"bignumber.js": "4.0.2",
				"readable-stream": "2.3.3",
				"safe-buffer": "5.1.1",
				"sqlstring": "2.2.0"
			}
		},
		"process-nextick-args": {
			"version": "1.0.7",
			"resolved": "https://registry.npmjs.org/process-nextick-args/-/process-nextick-args-1.0.7.tgz",
			"integrity": "sha1-FQ4gt1ZZCtP5EJPyWk8q2L/zC6M="
		},
		"readable-stream": {
			"version": "2.3.3",
			"resolved": "https://registry.npmjs.org/readable-stream/-/readable-stream-2.3.3.tgz",
			"integrity": "sha512-m+qzzcn7KUxEmd1gMbchF+Y2eIUbieUaxkWtptyHywrX0rE8QEYqPC07Vuy4Wm32/xE16NcdBctb8S0Xe/5IeQ==",
			"requires": {
				"core-util-is": "1.0.2",
				"inherits": "2.0.3",
				"isarray": "1.0.0",
				"process-nextick-args": "1.0.7",
				"safe-buffer": "5.1.1",
				"string_decoder": "1.0.3",
				"util-deprecate": "1.0.2"
			}
		},
		"safe-buffer": {
			"version": "5.1.1",
			"resolved": "https://registry.npmjs.org/safe-buffer/-/safe-buffer-5.1.1.tgz",
			"integrity": "sha512-kKvNJn6Mm93gAczWVJg7wH+wGYWNrDHdWvpUmHyEsgCtIwwo3bqPtV4tR5tuPaUhTOo/kvhVwd8XwwOllGYkbg=="
		},
		"sliced": {
			"version": "0.0.5",
			"resolved": "https://registry.npmjs.org/sliced/-/sliced-0.0.5.tgz",
			"integrity": "sha1-XtwETKTrb3gW1Qui/GPiXY/kcH8="
		},
		"sql": {
			"version": "0.78.0",
			"resolved": "https://registry.npmjs.org/sql/-/sql-0.78.0.tgz",
			"integrity": "sha1-iUWF1WER27F2h0Gk2ZNcgshZWUk=",
			"requires": {
				"lodash": "4.1.0",
				"sliced": "0.0.5"
			}
		},
		"sql-generate": {
			"version": "1.5.0",
			"resolved": "https://registry.npmjs.org/sql-generate/-/sql-generate-1.5.0.tgz",
			"integrity": "sha1-RXfuzeM+HccWUI539fJEGgq+SM8=",
			"dev": true,
			"requires": {
				"async": "2.1.4",
				"chalk": "1.1.3",
				"commander": "2.9.0",
				"sql": "0.73.0"
			},
			"dependencies": {
				"sql": {
					"version": "0.73.0",
					"resolved": "https://registry.npmjs.org/sql/-/sql-0.73.0.tgz",
					"integrity": "sha1-Es37L8HRP19lX8LCDFI5R6qHj4w=",
					"dev": true,
					"requires": {
						"lodash": "4.1.0",
						"sliced": "0.0.5"
					}
				}
			}
		},
		"sqlstring": {
			"version": "2.2.0",
			"resolved": "https://registry.npmjs.org/sqlstring/-/sqlstring-2.2.0.tgz",
			"integrity": "sha1-wxNcTqirzX5+50GklmqJHYak8ZE="
		},
		"string_decoder": {
			"version": "1.0.3",
			"resolved": "https://registry.npmjs.org/string_decoder/-/string_decoder-1.0.3.tgz",
			"integrity": "sha512-4AH6Z5fzNNBcH+6XDMfA/BTt87skxqJlO0lAh3Dker5zThcAxG6mKz+iGu308UKoPPQ8Dcqx/4JhujzltRa+hQ==",
			"requires": {
				"safe-buffer": "5.1.1"
			}
		},
		"strip-ansi": {
			"version": "3.0.1",
			"resolved": "https://registry.npmjs.org/strip-ansi/-/strip-ansi-3.0.1.tgz",
			"integrity": "sha1-ajhfuIU9lS1f8F0Oiq+UJ43GPc8=",
			"dev": true,
			"requires": {
				"ansi-regex": "2.1.1"
			}
		},
		"supports-color": {
			"version": "2.0.0",
			"resolved": "https://registry.npmjs.org/supports-color/-/supports-color-2.0.0.tgz",
			"integrity": "sha1-U10EXOa2Nj+kARcIRimZXp3zJMc=",
			"dev": true
		},
		"util-deprecate": {
			"version": "1.0.2",
			"resolved": "https://registry.npmjs.org/util-deprecate/-/util-deprecate-1.0.2.tgz",
			"integrity": "sha1-RQ1Nyfpw3nMnYvvS1KKJgUGaDM8="
		}
	}
}
